Microsoft Visual Studio Solution File, Format Version 11.00
# Visual Studio 2008

Project("{D5641B68-BFB1-ADC2-61A8-3F36E7C10A1A}") = "Waifu-GO", "Assembly-CSharp.csproj", "{37A7CCA8-991D-3728-A053-72310FC4BE4C}"
EndProject
Global
	GlobalSection(SolutionConfigurationPlatforms) = preSolution
		Debug|Any CPU = Debug|Any CPU
		Release|Any CPU = Release|Any CPU
	EndGlobalSection
	GlobalSection(ProjectConfigurationPlatforms) = postSolution
		{37A7CCA8-991D-3728-A053-72310FC4BE4C}.Debug|Any CPU.ActiveCfg = Debug|Any CPU
		{37A7CCA8-991D-3728-A053-72310FC4BE4C}.Debug|Any CPU.Build.0 = Debug|Any CPU
		{37A7CCA8-991D-3728-A053-72310FC4BE4C}.Release|Any CPU.ActiveCfg = Release|Any CPU
		{37A7CCA8-991D-3728-A053-72310FC4BE4C}.Release|Any CPU.Build.0 = Release|Any CPU
	EndGlobalSection
	GlobalSection(SolutionProperties) = preSolution
		HideSolutionNode = FALSE
	EndGlobalSection
	GlobalSection(MonoDevelopProperties) = preSolution
		StartupItem = Assembly-CSharp.csproj
	EndGlobalSection
EndGlobal
